{
  "name": "lightstreamer-mock-server",
  "version": "1.0.0",
  "lockfileVersion": 3,
  "requires": true,
  "packages": {
    "": {
      "name": "lightstreamer-mock-server",
      "version": "1.0.0",
      "dependencies": {
        "ws": "^8.18.0"
      },
      "devDependencies": {
        "lightstreamer-client-node": "^9.2.2"
      }
    },
    "node_modules/cookiejar": {
      "version": "2.1.4",
      "resolved": "https://registry.npmjs.org/cookiejar/-/cookiejar-2.1.4.tgz",
      "integrity": "sha512-LDx6oHrK+PhzLKJU9j5S7/Y3jM/mUHvD/DeI1WQmJn652iPC5Y4TBzC9l+5OMOXlyTTA+SmVUPm0HQUwpD5Jqw==",
      "dev": true,
      "license": "MIT"
    },
    "node_modules/jsonpatch": {
      "version": "3.1.0",
      "resolved": "https://registry.npmjs.org/jsonpatch/-/jsonpatch-3.1.0.tgz",
      "integrity": "sha512-rJa0FepwDzebgYAuT389AtziWfn3EZA4N5e/B8d50IC1glqlZ7njo7iAI/ph5MYw2GGH7lCE6DGqBGQ7TVa06w==",
      "dev": true,
      "license": "MIT",
      "engines": {
        "node": ">=0.4.0"
      }
    },
    "node_modules/lightstreamer-client-node": {
      "version": "9.2.2",
      "resolved": "https://registry.npmjs.org/lightstreamer-client-node/-/lightstreamer-client-node-9.2.2.tgz",
      "integrity": "sha512-8SHmv61Op6+VCpUPR3dDb9+XKn16bEz9ThSi/wqY7mPGya1RYQ4MjLha7EeHizZD8+are47HQzBlJtkWiboBnA==",
      "dev": true,
      "license": "Apache-2.0",
      "dependencies": {
        "cookiejar": "^2.1.4",
        "jsonpatch": "^3.1.0",
        "ws": "^8.14.2",
        "xmlhttprequest": "git+https://github.com/driverdan/node-XMLHttpRequest.git"
      }
    },
    "node_modules/ws": {
      "version": "8.19.0",
      "resolved": "https://registry.npmjs.org/ws/-/ws-8.19.0.tgz",
      "integrity": "sha512-blAT2mjOEIi0ZzruJfIhb3nps74PRWTCz1IjglWEEpQl5XS/UNama6u2/rjFkDDouqr4L67ry+1aGIALViWjDg==",
      "license": "MIT",
      "engines": {
        "node": ">=10.0.0"
      },
      "peerDependencies": {
        "bufferutil": "^4.0.1",
        "utf-8-validate": ">=5.0.2"
      },
      "peerDependenciesMeta": {
        "bufferutil": {
          "optional": true
        },
        "utf-8-validate": {
          "optional": true
        }
      }
    },
    "node_modules/xmlhttprequest": {
      "version": "1.8.0",
      "resolved": "git+ssh://git@github.com/driverdan/node-XMLHttpRequest.git#97966e4ca1c9f2cc5574d8775cbdacebfec75455",
      "dev": true,
      "license": "MIT",
      "engines": {
        "node": ">=0.4.0"
      }
    }
  }
}
